
Microsoft Visual Studio Solution File, Format Version 12.00
# Visual Studio Version 17
VisualStudioVersion = 17.9.34607.119
MinimumVisualStudioVersion = 10.0.40219.1
Project("{FAE04EC0-301F-11D3-BF4B-00C04F79EFBC}") = "Kolcsonzo", "Kolcsonzo\Kolcsonzo.csproj", "{9FCF2D3C-506E-4C4D-8A67-BE272BD6788B}"
EndProject
Global
	GlobalSection(SolutionConfigurationPlatforms) = preSolution
		Debug|Any CPU = Debug|Any CPU
		Release|Any CPU = Release|Any CPU
	EndGlobalSection
	GlobalSection(ProjectConfigurationPlatforms) = postSolution
		{9FCF2D3C-506E-4C4D-8A67-BE272BD6788B}.Debug|Any CPU.ActiveCfg = Debug|Any CPU
		{9FCF2D3C-506E-4C4D-8A67-BE272BD6788B}.Debug|Any CPU.Build.0 = Debug|Any CPU
		{9FCF2D3C-506E-4C4D-8A67-BE272BD6788B}.Release|Any CPU.ActiveCfg = Release|Any CPU
		{9FCF2D3C-506E-4C4D-8A67-BE272BD6788B}.Release|Any CPU.Build.0 = Release|Any CPU
	EndGlobalSection
	GlobalSection(SolutionProperties) = preSolution
		HideSolutionNode = FALSE
	EndGlobalSection
	GlobalSection(ExtensibilityGlobals) = postSolution
		SolutionGuid = {009356B0-BF6A-4A18-A83E-13AFA4E08BBC}
	EndGlobalSection
EndGlobal
